
Microsoft Visual Studio Solution File, Format Version 12.00
# Visual Studio Version 16
VisualStudioVersion = 16.0.32228.343
MinimumVisualStudioVersion = 10.0.40219.1
Project("{FAE04EC0-301F-11D3-BF4B-00C04F79EFBC}") = "ConsoleApp1", "ConsoleApp1\ConsoleApp1.csproj", "{B9B57297-6F32-4C3F-805C-99B63BB8CA1E}"
EndProject
Global
	GlobalSection(SolutionConfigurationPlatforms) = preSolution
		Debug|Any CPU = Debug|Any CPU
		Release|Any CPU = Release|Any CPU
	EndGlobalSection
	GlobalSection(ProjectConfigurationPlatforms) = postSolution
		{B9B57297-6F32-4C3F-805C-99B63BB8CA1E}.Debug|Any CPU.ActiveCfg = Debug|Any CPU
		{B9B57297-6F32-4C3F-805C-99B63BB8CA1E}.Debug|Any CPU.Build.0 = Debug|Any CPU
		{B9B57297-6F32-4C3F-805C-99B63BB8CA1E}.Release|Any CPU.ActiveCfg = Release|Any CPU
		{B9B57297-6F32-4C3F-805C-99B63BB8CA1E}.Release|Any CPU.Build.0 = Release|Any CPU
	EndGlobalSection
	GlobalSection(SolutionProperties) = preSolution
		HideSolutionNode = FALSE
	EndGlobalSection
	GlobalSection(ExtensibilityGlobals) = postSolution
		SolutionGuid = {B1123633-A509-4901-AF71-FBD8B24D3C77}
	EndGlobalSection
EndGlobal
